{
  "name": "sosia-remote-puppeteer",
  "version": "1.1.1",
  "lockfileVersion": 1,
  "requires": true,
  "dependencies": {
    "@types/node": {
      "version": "11.9.4",
      "resolved": "https://registry.npmjs.org/@types/node/-/node-11.9.4.tgz",
      "integrity": "sha512-Zl8dGvAcEmadgs1tmSPcvwzO1YRsz38bVJQvH1RvRqSR9/5n61Q1ktcDL0ht3FXWR+ZpVmXVwN1LuH4Ax23NsA==",
      "dev": true
    },
    "@types/node-fetch": {
      "version": "2.1.6",
      "resolved": "https://registry.npmjs.org/@types/node-fetch/-/node-fetch-2.1.6.tgz",
      "integrity": "sha512-Hv1jgh3pfpUEl2F2mqUd1AfLSk1YbUCeBJFaP36t7esAO617dErqdxWb5cdG2NfJGOofkmBW36fdx0dVewxDRg==",
      "dev": true,
      "requires": {
        "@types/node": "*"
      }
    },
    "node-fetch": {
      "version": "2.3.0",
      "resolved": "https://registry.npmjs.org/node-fetch/-/node-fetch-2.3.0.tgz",
      "integrity": "sha512-MOd8pV3fxENbryESLgVIeaGKrdl+uaYhCSSVkjeOb/31/njTpcis5aWfdqgNlHIrKOLRbMnfPINPOML2CIFeXA=="
    },
    "sosia-types": {
      "version": "1.0.2",
      "resolved": "https://registry.npmjs.org/sosia-types/-/sosia-types-1.0.2.tgz",
      "integrity": "sha512-E4hlhiIX0clv3IsDa8JVbn8rN/7PSngEuCJKVenLwGhVbN4EMwjqrdO73+utQE2LIdgwGZ7ULlOmQfh9dwcwCA=="
    }
  }
}
